// !$*UTF8*$!
{
	archiveVersion = 1;
	classes = {
	};
	objectVersion = 55;
	objects = {

/* Begin PBXBuildFile section */
		0A22B1A628F7B0B300F63D9E /* KlineModel.swift in Sources */ = {isa = PBXBuildFile; fileRef = 0A22B1A528F7B0B300F63D9E /* KlineModel.swift */; };
		0A22B1AA28F7B0C400F63D9E /* Num.swift in Sources */ = {isa = PBXBuildFile; fileRef = 0A22B1A828F7B0C400F63D9E /* Num.swift */; };
		0A22B1AB28F7B0C400F63D9E /* Types.swift in Sources */ = {isa = PBXBuildFile; fileRef = 0A22B1A928F7B0C400F63D9E /* Types.swift */; };
		0A22B1AD28F7B0E500F63D9E /* KlineModelExt.swift in Sources */ = {isa = PBXBuildFile; fileRef = 0A22B1AC28F7B0E500F63D9E /* KlineModelExt.swift */; };
		0A7C294928E9445E000B454E /* AppDelegate.swift in Sources */ = {isa = PBXBuildFile; fileRef = 0A7C294828E9445E000B454E /* AppDelegate.swift */; };
		0A7C294B28E9445E000B454E /* SceneDelegate.swift in Sources */ = {isa = PBXBuildFile; fileRef = 0A7C294A28E9445E000B454E /* SceneDelegate.swift */; };
		0A7C294D28E9445E000B454E /* ViewController.swift in Sources */ = {isa = PBXBuildFile; fileRef = 0A7C294C28E9445E000B454E /* ViewController.swift */; };
		0A7C295028E9445E000B454E /* Main.storyboard in Resources */ = {isa = PBXBuildFile; fileRef = 0A7C294E28E9445E000B454E /* Main.storyboard */; };
		0A7C295228E94460000B454E /* Assets.xcassets in Resources */ = {isa = PBXBuildFile; fileRef = 0A7C295128E94460000B454E /* Assets.xcassets */; };
		0A7C295528E94460000B454E /* LaunchScreen.storyboard in Resources */ = {isa = PBXBuildFile; fileRef = 0A7C295328E94460000B454E /* LaunchScreen.storyboard */; };
		0A7C297628E94575000B454E /* KlineView_Style.swift in Sources */ = {isa = PBXBuildFile; fileRef = 0A7C296228E94575000B454E /* KlineView_Style.swift */; };
		0A7C297728E94575000B454E /* KlineView.swift in Sources */ = {isa = PBXBuildFile; fileRef = 0A7C296328E94575000B454E /* KlineView.swift */; };
		0A7C297828E94575000B454E /* KlineView_OverlayView.swift in Sources */ = {isa = PBXBuildFile; fileRef = 0A7C296428E94575000B454E /* KlineView_OverlayView.swift */; };
		0A7C297928E94575000B454E /* KlineView_Formatter.swift in Sources */ = {isa = PBXBuildFile; fileRef = 0A7C296528E94575000B454E /* KlineView_Formatter.swift */; };
		0A7C297A28E94575000B454E /* VolChart.swift in Sources */ = {isa = PBXBuildFile; fileRef = 0A7C296728E94575000B454E /* VolChart.swift */; };
		0A7C297B28E94575000B454E /* KlineChart.swift in Sources */ = {isa = PBXBuildFile; fileRef = 0A7C296828E94575000B454E /* KlineChart.swift */; };
		0A7C297C28E94575000B454E /* ChartIndex.swift in Sources */ = {isa = PBXBuildFile; fileRef = 0A7C296928E94575000B454E /* ChartIndex.swift */; };
		0A7C297D28E94575000B454E /* BollChart.swift in Sources */ = {isa = PBXBuildFile; fileRef = 0A7C296A28E94575000B454E /* BollChart.swift */; };
		0A7C297E28E94575000B454E /* MacdChart.swift in Sources */ = {isa = PBXBuildFile; fileRef = 0A7C296B28E94575000B454E /* MacdChart.swift */; };
		0A7C297F28E94575000B454E /* MaChart.swift in Sources */ = {isa = PBXBuildFile; fileRef = 0A7C296C28E94575000B454E /* MaChart.swift */; };
		0A7C298028E94575000B454E /* TimelineChart.swift in Sources */ = {isa = PBXBuildFile; fileRef = 0A7C296D28E94575000B454E /* TimelineChart.swift */; };
		0A7C298128E94575000B454E /* RsiChart.swift in Sources */ = {isa = PBXBuildFile; fileRef = 0A7C296E28E94575000B454E /* RsiChart.swift */; };
		0A7C298228E94575000B454E /* EmaChart.swift in Sources */ = {isa = PBXBuildFile; fileRef = 0A7C296F28E94575000B454E /* EmaChart.swift */; };
		0A7C298328E94575000B454E /* KdjChart.swift in Sources */ = {isa = PBXBuildFile; fileRef = 0A7C297028E94575000B454E /* KdjChart.swift */; };
		0A7C298428E94575000B454E /* RangeChart.swift in Sources */ = {isa = PBXBuildFile; fileRef = 0A7C297128E94575000B454E /* RangeChart.swift */; };
		0A7C298528E94575000B454E /* KlineView_IntervalView.swift in Sources */ = {isa = PBXBuildFile; fileRef = 0A7C297228E94575000B454E /* KlineView_IntervalView.swift */; };
		0A7C298628E94575000B454E /* KlineView_SubtypeView.swift in Sources */ = {isa = PBXBuildFile; fileRef = 0A7C297328E94575000B454E /* KlineView_SubtypeView.swift */; };
		0A7C298728E94575000B454E /* ChartsExt.swift in Sources */ = {isa = PBXBuildFile; fileRef = 0A7C297428E94575000B454E /* ChartsExt.swift */; };
		0A7C298828E94575000B454E /* KlineView_ChartView.swift in Sources */ = {isa = PBXBuildFile; fileRef = 0A7C297528E94575000B454E /* KlineView_ChartView.swift */; };
		0AA9E0AE28E9482600F336AA /* Serialize.swift in Sources */ = {isa = PBXBuildFile; fileRef = 0AA9E09C28E9482600F336AA /* Serialize.swift */; };
		0AA9E0C828E9483A00F336AA /* Comb.swift in Sources */ = {isa = PBXBuildFile; fileRef = 0AA9E0C028E9483A00F336AA /* Comb.swift */; };
		0AA9E0C928E9483A00F336AA /* ControlEvent.swift in Sources */ = {isa = PBXBuildFile; fileRef = 0AA9E0C128E9483A00F336AA /* ControlEvent.swift */; };
		0AA9E0CA28E9483A00F336AA /* ControlProperty.swift in Sources */ = {isa = PBXBuildFile; fileRef = 0AA9E0C228E9483A00F336AA /* ControlProperty.swift */; };
		0AA9E0CC28E9483A00F336AA /* MapToEvent.swift in Sources */ = {isa = PBXBuildFile; fileRef = 0AA9E0C428E9483A00F336AA /* MapToEvent.swift */; };
		0AA9E0CD28E9483A00F336AA /* CombineExt.swift in Sources */ = {isa = PBXBuildFile; fileRef = 0AA9E0C528E9483A00F336AA /* CombineExt.swift */; };
		0AA9E0CE28E9483A00F336AA /* Setted.swift in Sources */ = {isa = PBXBuildFile; fileRef = 0AA9E0C628E9483A00F336AA /* Setted.swift */; };
		0AA9E0CF28E9483A00F336AA /* CombineCompatible.swift in Sources */ = {isa = PBXBuildFile; fileRef = 0AA9E0C728E9483A00F336AA /* CombineCompatible.swift */; };
		0AA9E0D728E948DE00F336AA /* KlineViewController.swift in Sources */ = {isa = PBXBuildFile; fileRef = 0AA9E0D628E948DE00F336AA /* KlineViewController.swift */; };
		0AA9E0DF28E9492000F336AA /* WebSocketManager.swift in Sources */ = {isa = PBXBuildFile; fileRef = 0AA9E0DC28E9492000F336AA /* WebSocketManager.swift */; };
		0AA9E0E028E9492000F336AA /* MainWS.swift in Sources */ = {isa = PBXBuildFile; fileRef = 0AA9E0DD28E9492000F336AA /* MainWS.swift */; };
		47F330E36415280BEA052CB9 /* Pods_SwiftyKline.framework in Frameworks */ = {isa = PBXBuildFile; fileRef = 7D661E28B14ED364B6D4680F /* Pods_SwiftyKline.framework */; };
/* End PBXBuildFile section */

/* Begin PBXFileReference section */
		0A22B1A528F7B0B300F63D9E /* KlineModel.swift */ = {isa = PBXFileReference; fileEncoding = 4; lastKnownFileType = sourcecode.swift; path = KlineModel.swift; sourceTree = "<group>"; };
		0A22B1A828F7B0C400F63D9E /* Num.swift */ = {isa = PBXFileReference; fileEncoding = 4; lastKnownFileType = sourcecode.swift; path = Num.swift; sourceTree = "<group>"; };
		0A22B1A928F7B0C400F63D9E /* Types.swift */ = {isa = PBXFileReference; fileEncoding = 4; lastKnownFileType = sourcecode.swift; path = Types.swift; sourceTree = "<group>"; };
		0A22B1AC28F7B0E500F63D9E /* KlineModelExt.swift */ = {isa = PBXFileReference; fileEncoding = 4; lastKnownFileType = sourcecode.swift; path = KlineModelExt.swift; sourceTree = "<group>"; };
		0A7C294528E9445E000B454E /* SwiftyKline.app */ = {isa = PBXFileReference; explicitFileType = wrapper.application; includeInIndex = 0; path = SwiftyKline.app; sourceTree = BUILT_PRODUCTS_DIR; };
		0A7C294828E9445E000B454E /* AppDelegate.swift */ = {isa = PBXFileReference; lastKnownFileType = sourcecode.swift; path = AppDelegate.swift; sourceTree = "<group>"; };
		0A7C294A28E9445E000B454E /* SceneDelegate.swift */ = {isa = PBXFileReference; lastKnownFileType = sourcecode.swift; path = SceneDelegate.swift; sourceTree = "<group>"; };
		0A7C294C28E9445E000B454E /* ViewController.swift */ = {isa = PBXFileReference; lastKnownFileType = sourcecode.swift; path = ViewController.swift; sourceTree = "<group>"; };
		0A7C294F28E9445E000B454E /* Base */ = {isa = PBXFileReference; lastKnownFileType = file.storyboard; name = Base; path = Base.lproj/Main.storyboard; sourceTree = "<group>"; };
		0A7C295128E94460000B454E /* Assets.xcassets */ = {isa = PBXFileReference; lastKnownFileType = folder.assetcatalog; path = Assets.xcassets; sourceTree = "<group>"; };
		0A7C295428E94460000B454E /* Base */ = {isa = PBXFileReference; lastKnownFileType = file.storyboard; name = Base; path = Base.lproj/LaunchScreen.storyboard; sourceTree = "<group>"; };
		0A7C295628E94460000B454E /* Info.plist */ = {isa = PBXFileReference; lastKnownFileType = text.plist.xml; path = Info.plist; sourceTree = "<group>"; };
		0A7C296228E94575000B454E /* KlineView_Style.swift */ = {isa = PBXFileReference; fileEncoding = 4; lastKnownFileType = sourcecode.swift; path = KlineView_Style.swift; sourceTree = "<group>"; };
		0A7C296328E94575000B454E /* KlineView.swift */ = {isa = PBXFileReference; fileEncoding = 4; lastKnownFileType = sourcecode.swift; path = KlineView.swift; sourceTree = "<group>"; };
		0A7C296428E94575000B454E /* KlineView_OverlayView.swift */ = {isa = PBXFileReference; fileEncoding = 4; lastKnownFileType = sourcecode.swift; path = KlineView_OverlayView.swift; sourceTree = "<group>"; };
		0A7C296528E94575000B454E /* KlineView_Formatter.swift */ = {isa = PBXFileReference; fileEncoding = 4; lastKnownFileType = sourcecode.swift; path = KlineView_Formatter.swift; sourceTree = "<group>"; };
		0A7C296728E94575000B454E /* VolChart.swift */ = {isa = PBXFileReference; fileEncoding = 4; lastKnownFileType = sourcecode.swift; path = VolChart.swift; sourceTree = "<group>"; };
		0A7C296828E94575000B454E /* KlineChart.swift */ = {isa = PBXFileReference; fileEncoding = 4; lastKnownFileType = sourcecode.swift; path = KlineChart.swift; sourceTree = "<group>"; };
		0A7C296928E94575000B454E /* ChartIndex.swift */ = {isa = PBXFileReference; fileEncoding = 4; lastKnownFileType = sourcecode.swift; path = ChartIndex.swift; sourceTree = "<group>"; };
		0A7C296A28E94575000B454E /* BollChart.swift */ = {isa = PBXFileReference; fileEncoding = 4; lastKnownFileType = sourcecode.swift; path = BollChart.swift; sourceTree = "<group>"; };
		0A7C296B28E94575000B454E /* MacdChart.swift */ = {isa = PBXFileReference; fileEncoding = 4; lastKnownFileType = sourcecode.swift; path = MacdChart.swift; sourceTree = "<group>"; };
		0A7C296C28E94575000B454E /* MaChart.swift */ = {isa = PBXFileReference; fileEncoding = 4; lastKnownFileType = sourcecode.swift; path = MaChart.swift; sourceTree = "<group>"; };
		0A7C296D28E94575000B454E /* TimelineChart.swift */ = {isa = PBXFileReference; fileEncoding = 4; lastKnownFileType = sourcecode.swift; path = TimelineChart.swift; sourceTree = "<group>"; };
		0A7C296E28E94575000B454E /* RsiChart.swift */ = {isa = PBXFileReference; fileEncoding = 4; lastKnownFileType = sourcecode.swift; path = RsiChart.swift; sourceTree = "<group>"; };
		0A7C296F28E94575000B454E /* EmaChart.swift */ = {isa = PBXFileReference; fileEncoding = 4; lastKnownFileType = sourcecode.swift; path = EmaChart.swift; sourceTree = "<group>"; };
		0A7C297028E94575000B454E /* KdjChart.swift */ = {isa = PBXFileReference; fileEncoding = 4; lastKnownFileType = sourcecode.swift; path = KdjChart.swift; sourceTree = "<group>"; };
		0A7C297128E94575000B454E /* RangeChart.swift */ = {isa = PBXFileReference; fileEncoding = 4; lastKnownFileType = sourcecode.swift; path = RangeChart.swift; sourceTree = "<group>"; };
		0A7C297228E94575000B454E /* KlineView_IntervalView.swift */ = {isa = PBXFileReference; fileEncoding = 4; lastKnownFileType = sourcecode.swift; path = KlineView_IntervalView.swift; sourceTree = "<group>"; };
		0A7C297328E94575000B454E /* KlineView_SubtypeView.swift */ = {isa = PBXFileReference; fileEncoding = 4; lastKnownFileType = sourcecode.swift; path = KlineView_SubtypeView.swift; sourceTree = "<group>"; };
		0A7C297428E94575000B454E /* ChartsExt.swift */ = {isa = PBXFileReference; fileEncoding = 4; lastKnownFileType = sourcecode.swift; path = ChartsExt.swift; sourceTree = "<group>"; };
		0A7C297528E94575000B454E /* KlineView_ChartView.swift */ = {isa = PBXFileReference; fileEncoding = 4; lastKnownFileType = sourcecode.swift; path = KlineView_ChartView.swift; sourceTree = "<group>"; };
		0AA9E09C28E9482600F336AA /* Serialize.swift */ = {isa = PBXFileReference; fileEncoding = 4; lastKnownFileType = sourcecode.swift; path = Serialize.swift; sourceTree = "<group>"; };
		0AA9E0C028E9483A00F336AA /* Comb.swift */ = {isa = PBXFileReference; fileEncoding = 4; lastKnownFileType = sourcecode.swift; path = Comb.swift; sourceTree = "<group>"; };
		0AA9E0C128E9483A00F336AA /* ControlEvent.swift */ = {isa = PBXFileReference; fileEncoding = 4; lastKnownFileType = sourcecode.swift; path = ControlEvent.swift; sourceTree = "<group>"; };
		0AA9E0C228E9483A00F336AA /* ControlProperty.swift */ = {isa = PBXFileReference; fileEncoding = 4; lastKnownFileType = sourcecode.swift; path = ControlProperty.swift; sourceTree = "<group>"; };
		0AA9E0C428E9483A00F336AA /* MapToEvent.swift */ = {isa = PBXFileReference; fileEncoding = 4; lastKnownFileType = sourcecode.swift; path = MapToEvent.swift; sourceTree = "<group>"; };
		0AA9E0C528E9483A00F336AA /* CombineExt.swift */ = {isa = PBXFileReference; fileEncoding = 4; lastKnownFileType = sourcecode.swift; path = CombineExt.swift; sourceTree = "<group>"; };
		0AA9E0C628E9483A00F336AA /* Setted.swift */ = {isa = PBXFileReference; fileEncoding = 4; lastKnownFileType = sourcecode.swift; path = Setted.swift; sourceTree = "<group>"; };
		0AA9E0C728E9483A00F336AA /* CombineCompatible.swift */ = {isa = PBXFileReference; fileEncoding = 4; lastKnownFileType = sourcecode.swift; path = CombineCompatible.swift; sourceTree = "<group>"; };
		0AA9E0D628E948DE00F336AA /* KlineViewController.swift */ = {isa = PBXFileReference; fileEncoding = 4; lastKnownFileType = sourcecode.swift; path = KlineViewController.swift; sourceTree = "<group>"; };
		0AA9E0DC28E9492000F336AA /* WebSocketManager.swift */ = {isa = PBXFileReference; fileEncoding = 4; lastKnownFileType = sourcecode.swift; path = WebSocketManager.swift; sourceTree = "<group>"; };
		0AA9E0DD28E9492000F336AA /* MainWS.swift */ = {isa = PBXFileReference; fileEncoding = 4; lastKnownFileType = sourcecode.swift; path = MainWS.swift; sourceTree = "<group>"; };
		10DDEC2F68DB515DC6C65D6A /* Pods-SwiftyKline.debug.xcconfig */ = {isa = PBXFileReference; includeInIndex = 1; lastKnownFileType = text.xcconfig; name = "Pods-SwiftyKline.debug.xcconfig"; path = "Target Support Files/Pods-SwiftyKline/Pods-SwiftyKline.debug.xcconfig"; sourceTree = "<group>"; };
		2ADB98504AD2D457ADA3A1CB /* Pods-SwiftyKline.release.xcconfig */ = {isa = PBXFileReference; includeInIndex = 1; lastKnownFileType = text.xcconfig; name = "Pods-SwiftyKline.release.xcconfig"; path = "Target Support Files/Pods-SwiftyKline/Pods-SwiftyKline.release.xcconfig"; sourceTree = "<group>"; };
		7D661E28B14ED364B6D4680F /* Pods_SwiftyKline.framework */ = {isa = PBXFileReference; explicitFileType = wrapper.framework; includeInIndex = 0; path = Pods_SwiftyKline.framework; sourceTree = BUILT_PRODUCTS_DIR; };
/* End PBXFileReference section */

/* Begin PBXFrameworksBuildPhase section */
		0A7C294228E9445E000B454E /* Frameworks */ = {
			isa = PBXFrameworksBuildPhase;
			buildActionMask = 2147483647;
			files = (
				47F330E36415280BEA052CB9 /* Pods_SwiftyKline.framework in Frameworks */,
			);
			runOnlyForDeploymentPostprocessing = 0;
		};
/* End PBXFrameworksBuildPhase section */

/* Begin PBXGroup section */
		0A22B1A728F7B0C400F63D9E /* utils */ = {
			isa = PBXGroup;
			children = (
				0A22B1A828F7B0C400F63D9E /* Num.swift */,
				0A22B1A928F7B0C400F63D9E /* Types.swift */,
			);
			path = utils;
			sourceTree = "<group>";
		};
		0A7C293C28E9445E000B454E = {
			isa = PBXGroup;
			children = (
				0A7C294728E9445E000B454E /* SwiftyKline */,
				0A7C294628E9445E000B454E /* Products */,
				B11916F389820C02FBC66AA3 /* Pods */,
				D85F2A2B92F0E9104D21165A /* Frameworks */,
			);
			sourceTree = "<group>";
		};
		0A7C294628E9445E000B454E /* Products */ = {
			isa = PBXGroup;
			children = (
				0A7C294528E9445E000B454E /* SwiftyKline.app */,
			);
			name = Products;
			sourceTree = "<group>";
		};
		0A7C294728E9445E000B454E /* SwiftyKline */ = {
			isa = PBXGroup;
			children = (
				0A7C294828E9445E000B454E /* AppDelegate.swift */,
				0A7C294A28E9445E000B454E /* SceneDelegate.swift */,
				0A7C294C28E9445E000B454E /* ViewController.swift */,
				0AA9E0D628E948DE00F336AA /* KlineViewController.swift */,
				0AA9E09128E9463600F336AA /* deps */,
				0A7C296128E94575000B454E /* Kline */,
				0A7C294E28E9445E000B454E /* Main.storyboard */,
				0A7C295128E94460000B454E /* Assets.xcassets */,
				0A7C295328E94460000B454E /* LaunchScreen.storyboard */,
				0A7C295628E94460000B454E /* Info.plist */,
			);
			path = SwiftyKline;
			sourceTree = "<group>";
		};
		0A7C296128E94575000B454E /* Kline */ = {
			isa = PBXGroup;
			children = (
				0A7C296328E94575000B454E /* KlineView.swift */,
				0A7C297228E94575000B454E /* KlineView_IntervalView.swift */,
				0A7C297328E94575000B454E /* KlineView_SubtypeView.swift */,
				0A7C297528E94575000B454E /* KlineView_ChartView.swift */,
				0A7C296428E94575000B454E /* KlineView_OverlayView.swift */,
				0A7C296528E94575000B454E /* KlineView_Formatter.swift */,
				0A7C296228E94575000B454E /* KlineView_Style.swift */,
				0A7C297428E94575000B454E /* ChartsExt.swift */,
				0A22B1A528F7B0B300F63D9E /* KlineModel.swift */,
				0A7C296628E94575000B454E /* charts */,
				0A22B1A728F7B0C400F63D9E /* utils */,
			);
			path = Kline;
			sourceTree = "<group>";
		};
		0A7C296628E94575000B454E /* charts */ = {
			isa = PBXGroup;
			children = (
				0A7C296928E94575000B454E /* ChartIndex.swift */,
				0A7C296828E94575000B454E /* KlineChart.swift */,
				0A7C296D28E94575000B454E /* TimelineChart.swift */,
				0A7C297128E94575000B454E /* RangeChart.swift */,
				0A7C296C28E94575000B454E /* MaChart.swift */,
				0A7C296F28E94575000B454E /* EmaChart.swift */,
				0A7C296A28E94575000B454E /* BollChart.swift */,
				0A7C296728E94575000B454E /* VolChart.swift */,
				0A7C296B28E94575000B454E /* MacdChart.swift */,
				0A7C297028E94575000B454E /* KdjChart.swift */,
				0A7C296E28E94575000B454E /* RsiChart.swift */,
			);
			path = charts;
			sourceTree = "<group>";
		};
		0AA9E09128E9463600F336AA /* deps */ = {
			isa = PBXGroup;
			children = (
				0AA9E0BF28E9483A00F336AA /* Combine */,
				0AA9E0DA28E9492000F336AA /* WebSocket */,
				0AA9E09C28E9482600F336AA /* Serialize.swift */,
				0A22B1AC28F7B0E500F63D9E /* KlineModelExt.swift */,
			);
			path = deps;
			sourceTree = "<group>";
		};
		0AA9E0BF28E9483A00F336AA /* Combine */ = {
			isa = PBXGroup;
			children = (
				0AA9E0C728E9483A00F336AA /* CombineCompatible.swift */,
				0AA9E0C528E9483A00F336AA /* CombineExt.swift */,
				0AA9E0C628E9483A00F336AA /* Setted.swift */,
				0AA9E0C428E9483A00F336AA /* MapToEvent.swift */,
				0AA9E0C028E9483A00F336AA /* Comb.swift */,
				0AA9E0C128E9483A00F336AA /* ControlEvent.swift */,
				0AA9E0C228E9483A00F336AA /* ControlProperty.swift */,
			);
			path = Combine;
			sourceTree = "<group>";
		};
		0AA9E0DA28E9492000F336AA /* WebSocket */ = {
			isa = PBXGroup;
			children = (
				0AA9E0DC28E9492000F336AA /* WebSocketManager.swift */,
				0AA9E0DD28E9492000F336AA /* MainWS.swift */,
			);
			path = WebSocket;
			sourceTree = "<group>";
		};
		B11916F389820C02FBC66AA3 /* Pods */ = {
			isa = PBXGroup;
			children = (
				10DDEC2F68DB515DC6C65D6A /* Pods-SwiftyKline.debug.xcconfig */,
				2ADB98504AD2D457ADA3A1CB /* Pods-SwiftyKline.release.xcconfig */,
			);
			path = Pods;
			sourceTree = "<group>";
		};
		D85F2A2B92F0E9104D21165A /* Frameworks */ = {
			isa = PBXGroup;
			children = (
				7D661E28B14ED364B6D4680F /* Pods_SwiftyKline.framework */,
			);
			name = Frameworks;
			sourceTree = "<group>";
		};
/* End PBXGroup section */

/* Begin PBXNativeTarget section */
		0A7C294428E9445E000B454E /* SwiftyKline */ = {
			isa = PBXNativeTarget;
			buildConfigurationList = 0A7C295928E94460000B454E /* Build configuration list for PBXNativeTarget "SwiftyKline" */;
			buildPhases = (
				9CCAEB22845540A48F8B1445 /* [CP] Check Pods Manifest.lock */,
				0A7C294128E9445E000B454E /* Sources */,
				0A7C294228E9445E000B454E /* Frameworks */,
				0A7C294328E9445E000B454E /* Resources */,
				98E458B0C5B7FA774D81AFD4 /* [CP] Embed Pods Frameworks */,
			);
			buildRules = (
			);
			dependencies = (
			);
			name = SwiftyKline;
			productName = SwiftyKline;
			productReference = 0A7C294528E9445E000B454E /* SwiftyKline.app */;
			productType = "com.apple.product-type.application";
		};
/* End PBXNativeTarget section */

/* Begin PBXProject section */
		0A7C293D28E9445E000B454E /* Project object */ = {
			isa = PBXProject;
			attributes = {
				BuildIndependentTargetsInParallel = 1;
				LastSwiftUpdateCheck = 1340;
				LastUpgradeCheck = 1340;
				TargetAttributes = {
					0A7C294428E9445E000B454E = {
						CreatedOnToolsVersion = 13.4.1;
					};
				};
			};
			buildConfigurationList = 0A7C294028E9445E000B454E /* Build configuration list for PBXProject "SwiftyKline" */;
			compatibilityVersion = "Xcode 13.0";
			developmentRegion = en;
			hasScannedForEncodings = 0;
			knownRegions = (
				en,
				Base,
			);
			mainGroup = 0A7C293C28E9445E000B454E;
			productRefGroup = 0A7C294628E9445E000B454E /* Products */;
			projectDirPath = "";
			projectRoot = "";
			targets = (
				0A7C294428E9445E000B454E /* SwiftyKline */,
			);
		};
/* End PBXProject section */

/* Begin PBXResourcesBuildPhase section */
		0A7C294328E9445E000B454E /* Resources */ = {
			isa = PBXResourcesBuildPhase;
			buildActionMask = 2147483647;
			files = (
				0A7C295528E94460000B454E /* LaunchScreen.storyboard in Resources */,
				0A7C295228E94460000B454E /* Assets.xcassets in Resources */,
				0A7C295028E9445E000B454E /* Main.storyboard in Resources */,
			);
			runOnlyForDeploymentPostprocessing = 0;
		};
/* End PBXResourcesBuildPhase section */

/* Begin PBXShellScriptBuildPhase section */
		98E458B0C5B7FA774D81AFD4 /* [CP] Embed Pods Frameworks */ = {
			isa = PBXShellScriptBuildPhase;
			buildActionMask = 2147483647;
			files = (
			);
			inputFileListPaths = (
				"${PODS_ROOT}/Target Support Files/Pods-SwiftyKline/Pods-SwiftyKline-frameworks-${CONFIGURATION}-input-files.xcfilelist",
			);
			name = "[CP] Embed Pods Frameworks";
			outputFileListPaths = (
				"${PODS_ROOT}/Target Support Files/Pods-SwiftyKline/Pods-SwiftyKline-frameworks-${CONFIGURATION}-output-files.xcfilelist",
			);
			runOnlyForDeploymentPostprocessing = 0;
			shellPath = /bin/sh;
			shellScript = "\"${PODS_ROOT}/Target Support Files/Pods-SwiftyKline/Pods-SwiftyKline-frameworks.sh\"\n";
			showEnvVarsInLog = 0;
		};
		9CCAEB22845540A48F8B1445 /* [CP] Check Pods Manifest.lock */ = {
			isa = PBXShellScriptBuildPhase;
			buildActionMask = 2147483647;
			files = (
			);
			inputFileListPaths = (
			);
			inputPaths = (
				"${PODS_PODFILE_DIR_PATH}/Podfile.lock",
				"${PODS_ROOT}/Manifest.lock",
			);
			name = "[CP] Check Pods Manifest.lock";
			outputFileListPaths = (
			);
			outputPaths = (
				"$(DERIVED_FILE_DIR)/Pods-SwiftyKline-checkManifestLockResult.txt",
			);
			runOnlyForDeploymentPostprocessing = 0;
			shellPath = /bin/sh;
			shellScript = "diff \"${PODS_PODFILE_DIR_PATH}/Podfile.lock\" \"${PODS_ROOT}/Manifest.lock\" > /dev/null\nif [ $? != 0 ] ; then\n    # print error to STDERR\n    echo \"error: The sandbox is not in sync with the Podfile.lock. Run 'pod install' or update your CocoaPods installation.\" >&2\n    exit 1\nfi\n# This output is used by Xcode 'outputs' to avoid re-running this script phase.\necho \"SUCCESS\" > \"${SCRIPT_OUTPUT_FILE_0}\"\n";
			showEnvVarsInLog = 0;
		};
/* End PBXShellScriptBuildPhase section */

/* Begin PBXSourcesBuildPhase section */
		0A7C294128E9445E000B454E /* Sources */ = {
			isa = PBXSourcesBuildPhase;
			buildActionMask = 2147483647;
			files = (
				0A7C298428E94575000B454E /* RangeChart.swift in Sources */,
				0A7C294D28E9445E000B454E /* ViewController.swift in Sources */,
				0A7C298628E94575000B454E /* KlineView_SubtypeView.swift in Sources */,
				0A22B1AB28F7B0C400F63D9E /* Types.swift in Sources */,
				0A22B1AD28F7B0E500F63D9E /* KlineModelExt.swift in Sources */,
				0A22B1A628F7B0B300F63D9E /* KlineModel.swift in Sources */,
				0A7C297B28E94575000B454E /* KlineChart.swift in Sources */,
				0AA9E0E028E9492000F336AA /* MainWS.swift in Sources */,
				0A7C298328E94575000B454E /* KdjChart.swift in Sources */,
				0A7C294928E9445E000B454E /* AppDelegate.swift in Sources */,
				0A7C297628E94575000B454E /* KlineView_Style.swift in Sources */,
				0A7C294B28E9445E000B454E /* SceneDelegate.swift in Sources */,
				0AA9E0C828E9483A00F336AA /* Comb.swift in Sources */,
				0AA9E0CC28E9483A00F336AA /* MapToEvent.swift in Sources */,
				0A7C297E28E94575000B454E /* MacdChart.swift in Sources */,
				0AA9E0D728E948DE00F336AA /* KlineViewController.swift in Sources */,
				0AA9E0CA28E9483A00F336AA /* ControlProperty.swift in Sources */,
				0A7C298728E94575000B454E /* ChartsExt.swift in Sources */,
				0A7C297F28E94575000B454E /* MaChart.swift in Sources */,
				0A7C298028E94575000B454E /* TimelineChart.swift in Sources */,
				0A7C297A28E94575000B454E /* VolChart.swift in Sources */,
				0A7C298528E94575000B454E /* KlineView_IntervalView.swift in Sources */,
				0AA9E0CD28E9483A00F336AA /* CombineExt.swift in Sources */,
				0A22B1AA28F7B0C400F63D9E /* Num.swift in Sources */,
				0A7C297828E94575000B454E /* KlineView_OverlayView.swift in Sources */,
				0AA9E0CE28E9483A00F336AA /* Setted.swift in Sources */,
				0AA9E0DF28E9492000F336AA /* WebSocketManager.swift in Sources */,
				0A7C297C28E94575000B454E /* ChartIndex.swift in Sources */,
				0A7C297D28E94575000B454E /* BollChart.swift in Sources */,
				0AA9E0AE28E9482600F336AA /* Serialize.swift in Sources */,
				0AA9E0C928E9483A00F336AA /* ControlEvent.swift in Sources */,
				0A7C297728E94575000B454E /* KlineView.swift in Sources */,
				0A7C298828E94575000B454E /* KlineView_ChartView.swift in Sources */,
				0A7C298128E94575000B454E /* RsiChart.swift in Sources */,
				0A7C298228E94575000B454E /* EmaChart.swift in Sources */,
				0A7C297928E94575000B454E /* KlineView_Formatter.swift in Sources */,
				0AA9E0CF28E9483A00F336AA /* CombineCompatible.swift in Sources */,
			);
			runOnlyForDeploymentPostprocessing = 0;
		};
/* End PBXSourcesBuildPhase section */

/* Begin PBXVariantGroup section */
		0A7C294E28E9445E000B454E /* Main.storyboard */ = {
			isa = PBXVariantGroup;
			children = (
				0A7C294F28E9445E000B454E /* Base */,
			);
			name = Main.storyboard;
			sourceTree = "<group>";
		};
		0A7C295328E94460000B454E /* LaunchScreen.storyboard */ = {
			isa = PBXVariantGroup;
			children = (
				0A7C295428E94460000B454E /* Base */,
			);
			name = LaunchScreen.storyboard;
			sourceTree = "<group>";
		};
/* End PBXVariantGroup section */

/* Begin XCBuildConfiguration section */
		0A7C295728E94460000B454E /* Debug */ = {
			isa = XCBuildConfiguration;
			buildSettings = {
				ALWAYS_SEARCH_USER_PATHS = NO;
				CLANG_ANALYZER_NONNULL = YES;
				CLANG_ANALYZER_NUMBER_OBJECT_CONVERSION = YES_AGGRESSIVE;
				CLANG_CXX_LANGUAGE_STANDARD = "gnu++17";
				CLANG_ENABLE_MODULES = YES;
				CLANG_ENABLE_OBJC_ARC = YES;
				CLANG_ENABLE_OBJC_WEAK = YES;
				CLANG_WARN_BLOCK_CAPTURE_AUTORELEASING = YES;
				CLANG_WARN_BOOL_CONVERSION = YES;
				CLANG_WARN_COMMA = YES;
				CLANG_WARN_CONSTANT_CONVERSION = YES;
				CLANG_WARN_DEPRECATED_OBJC_IMPLEMENTATIONS = YES;
				CLANG_WARN_DIRECT_OBJC_ISA_USAGE = YES_ERROR;
				CLANG_WARN_DOCUMENTATION_COMMENTS = YES;
				CLANG_WARN_EMPTY_BODY = YES;
				CLANG_WARN_ENUM_CONVERSION = YES;
				CLANG_WARN_INFINITE_RECURSION = YES;
				CLANG_WARN_INT_CONVERSION = YES;
				CLANG_WARN_NON_LITERAL_NULL_CONVERSION = YES;
				CLANG_WARN_OBJC_IMPLICIT_RETAIN_SELF = YES;
				CLANG_WARN_OBJC_LITERAL_CONVERSION = YES;
				CLANG_WARN_OBJC_ROOT_CLASS = YES_ERROR;
				CLANG_WARN_QUOTED_INCLUDE_IN_FRAMEWORK_HEADER = YES;
				CLANG_WARN_RANGE_LOOP_ANALYSIS = YES;
				CLANG_WARN_STRICT_PROTOTYPES = YES;
				CLANG_WARN_SUSPICIOUS_MOVE = YES;
				CLANG_WARN_UNGUARDED_AVAILABILITY = YES_AGGRESSIVE;
				CLANG_WARN_UNREACHABLE_CODE = YES;
				CLANG_WARN__DUPLICATE_METHOD_MATCH = YES;
				COPY_PHASE_STRIP = NO;
				DEBUG_INFORMATION_FORMAT = dwarf;
				ENABLE_STRICT_OBJC_MSGSEND = YES;
				ENABLE_TESTABILITY = YES;
				GCC_C_LANGUAGE_STANDARD = gnu11;
				GCC_DYNAMIC_NO_PIC = NO;
				GCC_NO_COMMON_BLOCKS = YES;
				GCC_OPTIMIZATION_LEVEL = 0;
				GCC_PREPROCESSOR_DEFINITIONS = (
					"DEBUG=1",
					"$(inherited)",
				);
				GCC_WARN_64_TO_32_BIT_CONVERSION = YES;
				GCC_WARN_ABOUT_RETURN_TYPE = YES_ERROR;
				GCC_WARN_UNDECLARED_SELECTOR = YES;
				GCC_WARN_UNINITIALIZED_AUTOS = YES_AGGRESSIVE;
				GCC_WARN_UNUSED_FUNCTION = YES;
				GCC_WARN_UNUSED_VARIABLE = YES;
				IPHONEOS_DEPLOYMENT_TARGET = 15.5;
				MTL_ENABLE_DEBUG_INFO = INCLUDE_SOURCE;
				MTL_FAST_MATH = YES;
				ONLY_ACTIVE_ARCH = YES;
				SDKROOT = iphoneos;
				SWIFT_ACTIVE_COMPILATION_CONDITIONS = DEBUG;
				SWIFT_OPTIMIZATION_LEVEL = "-Onone";
			};
			name = Debug;
		};
		0A7C295828E94460000B454E /* Release */ = {
			isa = XCBuildConfiguration;
			buildSettings = {
				ALWAYS_SEARCH_USER_PATHS = NO;
				CLANG_ANALYZER_NONNULL = YES;
				CLANG_ANALYZER_NUMBER_OBJECT_CONVERSION = YES_AGGRESSIVE;
				CLANG_CXX_LANGUAGE_STANDARD = "gnu++17";
				CLANG_ENABLE_MODULES = YES;
				CLANG_ENABLE_OBJC_ARC = YES;
				CLANG_ENABLE_OBJC_WEAK = YES;
				CLANG_WARN_BLOCK_CAPTURE_AUTORELEASING = YES;
				CLANG_WARN_BOOL_CONVERSION = YES;
				CLANG_WARN_COMMA = YES;
				CLANG_WARN_CONSTANT_CONVERSION = YES;
				CLANG_WARN_DEPRECATED_OBJC_IMPLEMENTATIONS = YES;
				CLANG_WARN_DIRECT_OBJC_ISA_USAGE = YES_ERROR;
				CLANG_WARN_DOCUMENTATION_COMMENTS = YES;
				CLANG_WARN_EMPTY_BODY = YES;
				CLANG_WARN_ENUM_CONVERSION = YES;
				CLANG_WARN_INFINITE_RECURSION = YES;
				CLANG_WARN_INT_CONVERSION = YES;
				CLANG_WARN_NON_LITERAL_NULL_CONVERSION = YES;
				CLANG_WARN_OBJC_IMPLICIT_RETAIN_SELF = YES;
				CLANG_WARN_OBJC_LITERAL_CONVERSION = YES;
				CLANG_WARN_OBJC_ROOT_CLASS = YES_ERROR;
				CLANG_WARN_QUOTED_INCLUDE_IN_FRAMEWORK_HEADER = YES;
				CLANG_WARN_RANGE_LOOP_ANALYSIS = YES;
				CLANG_WARN_STRICT_PROTOTYPES = YES;
				CLANG_WARN_SUSPICIOUS_MOVE = YES;
				CLANG_WARN_UNGUARDED_AVAILABILITY = YES_AGGRESSIVE;
				CLANG_WARN_UNREACHABLE_CODE = YES;
				CLANG_WARN__DUPLICATE_METHOD_MATCH = YES;
				COPY_PHASE_STRIP = NO;
				DEBUG_INFORMATION_FORMAT = "dwarf-with-dsym";
				ENABLE_NS_ASSERTIONS = NO;
				ENABLE_STRICT_OBJC_MSGSEND = YES;
				GCC_C_LANGUAGE_STANDARD = gnu11;
				GCC_NO_COMMON_BLOCKS = YES;
				GCC_WARN_64_TO_32_BIT_CONVERSION = YES;
				GCC_WARN_ABOUT_RETURN_TYPE = YES_ERROR;
				GCC_WARN_UNDECLARED_SELECTOR = YES;
				GCC_WARN_UNINITIALIZED_AUTOS = YES_AGGRESSIVE;
				GCC_WARN_UNUSED_FUNCTION = YES;
				GCC_WARN_UNUSED_VARIABLE = YES;
				IPHONEOS_DEPLOYMENT_TARGET = 15.5;
				MTL_ENABLE_DEBUG_INFO = NO;
				MTL_FAST_MATH = YES;
				SDKROOT = iphoneos;
				SWIFT_COMPILATION_MODE = wholemodule;
				SWIFT_OPTIMIZATION_LEVEL = "-O";
				VALIDATE_PRODUCT = YES;
			};
			name = Release;
		};
		0A7C295A28E94460000B454E /* Debug */ = {
			isa = XCBuildConfiguration;
			baseConfigurationReference = 10DDEC2F68DB515DC6C65D6A /* Pods-SwiftyKline.debug.xcconfig */;
			buildSettings = {
				ASSETCATALOG_COMPILER_APPICON_NAME = AppIcon;
				ASSETCATALOG_COMPILER_GLOBAL_ACCENT_COLOR_NAME = AccentColor;
				CODE_SIGN_STYLE = Automatic;
				CURRENT_PROJECT_VERSION = 1;
				DEVELOPMENT_TEAM = PNRBAA2K35;
				GENERATE_INFOPLIST_FILE = YES;
				INFOPLIST_FILE = SwiftyKline/Info.plist;
				INFOPLIST_KEY_UIApplicationSupportsIndirectInputEvents = YES;
				INFOPLIST_KEY_UILaunchStoryboardName = LaunchScreen;
				INFOPLIST_KEY_UIMainStoryboardFile = Main;
				INFOPLIST_KEY_UISupportedInterfaceOrientations_iPad = "UIInterfaceOrientationPortrait UIInterfaceOrientationPortraitUpsideDown UIInterfaceOrientationLandscapeLeft UIInterfaceOrientationLandscapeRight";
				INFOPLIST_KEY_UISupportedInterfaceOrientations_iPhone = "UIInterfaceOrientationPortrait UIInterfaceOrientationLandscapeLeft UIInterfaceOrientationLandscapeRight";
				LD_RUNPATH_SEARCH_PATHS = (
					"$(inherited)",
					"@executable_path/Frameworks",
				);
				MARKETING_VERSION = 1.0;
				PRODUCT_BUNDLE_IDENTIFIER = org.firefly.swiftykline;
				PRODUCT_NAME = "$(TARGET_NAME)";
				SWIFT_EMIT_LOC_STRINGS = YES;
				SWIFT_VERSION = 5.0;
				TARGETED_DEVICE_FAMILY = "1,2";
			};
			name = Debug;
		};
		0A7C295B28E94460000B454E /* Release */ = {
			isa = XCBuildConfiguration;
			baseConfigurationReference = 2ADB98504AD2D457ADA3A1CB /* Pods-SwiftyKline.release.xcconfig */;
			buildSettings = {
				ASSETCATALOG_COMPILER_APPICON_NAME = AppIcon;
				ASSETCATALOG_COMPILER_GLOBAL_ACCENT_COLOR_NAME = AccentColor;
				CODE_SIGN_STYLE = Automatic;
				CURRENT_PROJECT_VERSION = 1;
				DEVELOPMENT_TEAM = PNRBAA2K35;
				GENERATE_INFOPLIST_FILE = YES;
				INFOPLIST_FILE = SwiftyKline/Info.plist;
				INFOPLIST_KEY_UIApplicationSupportsIndirectInputEvents = YES;
				INFOPLIST_KEY_UILaunchStoryboardName = LaunchScreen;
				INFOPLIST_KEY_UIMainStoryboardFile = Main;
				INFOPLIST_KEY_UISupportedInterfaceOrientations_iPad = "UIInterfaceOrientationPortrait UIInterfaceOrientationPortraitUpsideDown UIInterfaceOrientationLandscapeLeft UIInterfaceOrientationLandscapeRight";
				INFOPLIST_KEY_UISupportedInterfaceOrientations_iPhone = "UIInterfaceOrientationPortrait UIInterfaceOrientationLandscapeLeft UIInterfaceOrientationLandscapeRight";
				LD_RUNPATH_SEARCH_PATHS = (
					"$(inherited)",
					"@executable_path/Frameworks",
				);
				MARKETING_VERSION = 1.0;
				PRODUCT_BUNDLE_IDENTIFIER = org.firefly.swiftykline;
				PRODUCT_NAME = "$(TARGET_NAME)";
				SWIFT_EMIT_LOC_STRINGS = YES;
				SWIFT_VERSION = 5.0;
				TARGETED_DEVICE_FAMILY = "1,2";
			};
			name = Release;
		};
/* End XCBuildConfiguration section */

/* Begin XCConfigurationList section */
		0A7C294028E9445E000B454E /* Build configuration list for PBXProject "SwiftyKline" */ = {
			isa = XCConfigurationList;
			buildConfigurations = (
				0A7C295728E94460000B454E /* Debug */,
				0A7C295828E94460000B454E /* Release */,
			);
			defaultConfigurationIsVisible = 0;
			defaultConfigurationName = Release;
		};
		0A7C295928E94460000B454E /* Build configuration list for PBXNativeTarget "SwiftyKline" */ = {
			isa = XCConfigurationList;
			buildConfigurations = (
				0A7C295A28E94460000B454E /* Debug */,
				0A7C295B28E94460000B454E /* Release */,
			);
			defaultConfigurationIsVisible = 0;
			defaultConfigurationName = Release;
		};
/* End XCConfigurationList section */
	};
	rootObject = 0A7C293D28E9445E000B454E /* Project object */;
}
